
Microsoft Visual Studio Solution File, Format Version 12.00
Project("{FAE04EC0-301F-11D3-BF4B-00C04F79EFBC}") = "PLYReader.net", "PLYReader.net.csproj", "{78CDD535-5CE2-4C3D-87B4-902937D0F0BF}"
EndProject
Global
	GlobalSection(SolutionConfigurationPlatforms) = preSolution
		Debug|Any CPU = Debug|Any CPU
		Release|Any CPU = Release|Any CPU
	EndGlobalSection
	GlobalSection(ProjectConfigurationPlatforms) = postSolution
		{78CDD535-5CE2-4C3D-87B4-902937D0F0BF}.Debug|Any CPU.ActiveCfg = Debug|Any CPU
		{78CDD535-5CE2-4C3D-87B4-902937D0F0BF}.Debug|Any CPU.Build.0 = Debug|Any CPU
		{78CDD535-5CE2-4C3D-87B4-902937D0F0BF}.Release|Any CPU.ActiveCfg = Release|Any CPU
		{78CDD535-5CE2-4C3D-87B4-902937D0F0BF}.Release|Any CPU.Build.0 = Release|Any CPU
	EndGlobalSection
EndGlobal
